// !$*UTF8*$!
{
	archiveVersion = 1;
	classes = {
	};
	objectVersion = 50;
	objects = {

/* Begin PBXBuildFile section */
		07345F5C22EB214A0026D898 /* AppDelegate.swift in Sources */ = {isa = PBXBuildFile; fileRef = 07345F5B22EB214A0026D898 /* AppDelegate.swift */; };
		07345F5E22EB214A0026D898 /* UserViewController.swift in Sources */ = {isa = PBXBuildFile; fileRef = 07345F5D22EB214A0026D898 /* UserViewController.swift */; };
		07345F6122EB214A0026D898 /* Main.storyboard in Resources */ = {isa = PBXBuildFile; fileRef = 07345F5F22EB214A0026D898 /* Main.storyboard */; };
		07345F6322EB214C0026D898 /* Assets.xcassets in Resources */ = {isa = PBXBuildFile; fileRef = 07345F6222EB214C0026D898 /* Assets.xcassets */; };
		07345F6622EB214C0026D898 /* LaunchScreen.storyboard in Resources */ = {isa = PBXBuildFile; fileRef = 07345F6422EB214C0026D898 /* LaunchScreen.storyboard */; };
		07345F7122EB214C0026D898 /* IssuesViewControllerTests.swift in Sources */ = {isa = PBXBuildFile; fileRef = 07345F7022EB214C0026D898 /* IssuesViewControllerTests.swift */; };
		0752A4A722EF1E7200A7D5CD /* issues.csv in Resources */ = {isa = PBXBuildFile; fileRef = 0752A4A622EF1E7200A7D5CD /* issues.csv */; };
		0752A4AA22EF219000A7D5CD /* Constants.swift in Sources */ = {isa = PBXBuildFile; fileRef = 0752A4A922EF219000A7D5CD /* Constants.swift */; };
		0752A4AE22EF3E7D00A7D5CD /* UserTableViewCell.swift in Sources */ = {isa = PBXBuildFile; fileRef = 0752A4AD22EF3E7D00A7D5CD /* UserTableViewCell.swift */; };
		07BFBD3D22EEEEFE0026106F /* User.swift in Sources */ = {isa = PBXBuildFile; fileRef = 07BFBD3C22EEEEFE0026106F /* User.swift */; };
		07BFBD3F22EEF09B0026106F /* UserViewPresenter.swift in Sources */ = {isa = PBXBuildFile; fileRef = 07BFBD3E22EEF09B0026106F /* UserViewPresenter.swift */; };
		07BFBD4122EEF0CD0026106F /* IssuesViewPresenterTests.swift in Sources */ = {isa = PBXBuildFile; fileRef = 07BFBD4022EEF0CD0026106F /* IssuesViewPresenterTests.swift */; };
		07BFBD4322EEF13F0026106F /* UserParser.swift in Sources */ = {isa = PBXBuildFile; fileRef = 07BFBD4222EEF13F0026106F /* UserParser.swift */; };
		07BFBD4522EEF14B0026106F /* IssuesStorageService.swift in Sources */ = {isa = PBXBuildFile; fileRef = 07BFBD4422EEF14B0026106F /* IssuesStorageService.swift */; };
		07BFBD4722EEF1580026106F /* UserService.swift in Sources */ = {isa = PBXBuildFile; fileRef = 07BFBD4622EEF1580026106F /* UserService.swift */; };
		0DF91262006DEAF35FE657B7 /* Pods_IssuesReaderTests.framework in Frameworks */ = {isa = PBXBuildFile; fileRef = 0DDE6ED45A531267EB633EC8 /* Pods_IssuesReaderTests.framework */; };
		2C0793385312B3DE8B8051B9 /* Pods_IssuesReaderUITests.framework in Frameworks */ = {isa = PBXBuildFile; fileRef = 7F0E0B9FF08F9EF38B74EBC1 /* Pods_IssuesReaderUITests.framework */; };
		93A2986B73C9A8B1002AD4AA /* Pods_IssuesReader.framework in Frameworks */ = {isa = PBXBuildFile; fileRef = 7017E5D8CE6D4319A4F78CB3 /* Pods_IssuesReader.framework */; };
/* End PBXBuildFile section */

/* Begin PBXContainerItemProxy section */
		07345F6D22EB214C0026D898 /* PBXContainerItemProxy */ = {
			isa = PBXContainerItemProxy;
			containerPortal = 07345F5022EB214A0026D898 /* Project object */;
			proxyType = 1;
			remoteGlobalIDString = 07345F5722EB214A0026D898;
			remoteInfo = IssuesReader;
		};
		07345F7822EB214C0026D898 /* PBXContainerItemProxy */ = {
			isa = PBXContainerItemProxy;
			containerPortal = 07345F5022EB214A0026D898 /* Project object */;
			proxyType = 1;
			remoteGlobalIDString = 07345F5722EB214A0026D898;
			remoteInfo = IssuesReader;
		};
/* End PBXContainerItemProxy section */

/* Begin PBXFileReference section */
		07345F5822EB214A0026D898 /* IssuesReader.app */ = {isa = PBXFileReference; explicitFileType = wrapper.application; includeInIndex = 0; path = IssuesReader.app; sourceTree = BUILT_PRODUCTS_DIR; };
		07345F5B22EB214A0026D898 /* AppDelegate.swift */ = {isa = PBXFileReference; lastKnownFileType = sourcecode.swift; path = AppDelegate.swift; sourceTree = "<group>"; };
		07345F5D22EB214A0026D898 /* UserViewController.swift */ = {isa = PBXFileReference; lastKnownFileType = sourcecode.swift; path = UserViewController.swift; sourceTree = "<group>"; };
		07345F6022EB214A0026D898 /* Base */ = {isa = PBXFileReference; lastKnownFileType = file.storyboard; name = Base; path = Base.lproj/Main.storyboard; sourceTree = "<group>"; };
		07345F6222EB214C0026D898 /* Assets.xcassets */ = {isa = PBXFileReference; lastKnownFileType = folder.assetcatalog; path = Assets.xcassets; sourceTree = "<group>"; };
		07345F6522EB214C0026D898 /* Base */ = {isa = PBXFileReference; lastKnownFileType = file.storyboard; name = Base; path = Base.lproj/LaunchScreen.storyboard; sourceTree = "<group>"; };
		07345F6722EB214C0026D898 /* Info.plist */ = {isa = PBXFileReference; lastKnownFileType = text.plist.xml; path = Info.plist; sourceTree = "<group>"; };
		07345F6C22EB214C0026D898 /* IssuesReaderTests.xctest */ = {isa = PBXFileReference; explicitFileType = wrapper.cfbundle; includeInIndex = 0; path = IssuesReaderTests.xctest; sourceTree = BUILT_PRODUCTS_DIR; };
		07345F7022EB214C0026D898 /* IssuesViewControllerTests.swift */ = {isa = PBXFileReference; lastKnownFileType = sourcecode.swift; path = IssuesViewControllerTests.swift; sourceTree = "<group>"; };
		07345F7222EB214C0026D898 /* Info.plist */ = {isa = PBXFileReference; lastKnownFileType = text.plist.xml; path = Info.plist; sourceTree = "<group>"; };
		07345F7722EB214C0026D898 /* IssuesReaderUITests.xctest */ = {isa = PBXFileReference; explicitFileType = wrapper.cfbundle; includeInIndex = 0; path = IssuesReaderUITests.xctest; sourceTree = BUILT_PRODUCTS_DIR; };
		0752A4A622EF1E7200A7D5CD /* issues.csv */ = {isa = PBXFileReference; fileEncoding = 4; lastKnownFileType = text; path = issues.csv; sourceTree = "<group>"; };
		0752A4A922EF219000A7D5CD /* Constants.swift */ = {isa = PBXFileReference; lastKnownFileType = sourcecode.swift; path = Constants.swift; sourceTree = "<group>"; };
		0752A4AD22EF3E7D00A7D5CD /* UserTableViewCell.swift */ = {isa = PBXFileReference; lastKnownFileType = sourcecode.swift; path = UserTableViewCell.swift; sourceTree = "<group>"; };
		07BFBD3C22EEEEFE0026106F /* User.swift */ = {isa = PBXFileReference; lastKnownFileType = sourcecode.swift; path = User.swift; sourceTree = "<group>"; };
		07BFBD3E22EEF09B0026106F /* UserViewPresenter.swift */ = {isa = PBXFileReference; lastKnownFileType = sourcecode.swift; path = UserViewPresenter.swift; sourceTree = "<group>"; };
		07BFBD4022EEF0CD0026106F /* IssuesViewPresenterTests.swift */ = {isa = PBXFileReference; lastKnownFileType = sourcecode.swift; path = IssuesViewPresenterTests.swift; sourceTree = "<group>"; };
		07BFBD4222EEF13F0026106F /* UserParser.swift */ = {isa = PBXFileReference; lastKnownFileType = sourcecode.swift; path = UserParser.swift; sourceTree = "<group>"; };
		07BFBD4422EEF14B0026106F /* IssuesStorageService.swift */ = {isa = PBXFileReference; lastKnownFileType = sourcecode.swift; path = IssuesStorageService.swift; sourceTree = "<group>"; };
		07BFBD4622EEF1580026106F /* UserService.swift */ = {isa = PBXFileReference; lastKnownFileType = sourcecode.swift; path = UserService.swift; sourceTree = "<group>"; };
		0DDE6ED45A531267EB633EC8 /* Pods_IssuesReaderTests.framework */ = {isa = PBXFileReference; explicitFileType = wrapper.framework; includeInIndex = 0; path = Pods_IssuesReaderTests.framework; sourceTree = BUILT_PRODUCTS_DIR; };
		12A8054F4D5EA0251C2E7D5A /* Pods-IssuesReaderTests.release.xcconfig */ = {isa = PBXFileReference; includeInIndex = 1; lastKnownFileType = text.xcconfig; name = "Pods-IssuesReaderTests.release.xcconfig"; path = "Target Support Files/Pods-IssuesReaderTests/Pods-IssuesReaderTests.release.xcconfig"; sourceTree = "<group>"; };
		14EF8F6315EBCCE039BFA748 /* Pods-IssuesReader.release.xcconfig */ = {isa = PBXFileReference; includeInIndex = 1; lastKnownFileType = text.xcconfig; name = "Pods-IssuesReader.release.xcconfig"; path = "Target Support Files/Pods-IssuesReader/Pods-IssuesReader.release.xcconfig"; sourceTree = "<group>"; };
		4FB126913148738B888F54DF /* Pods-IssuesReaderUITests.debug.xcconfig */ = {isa = PBXFileReference; includeInIndex = 1; lastKnownFileType = text.xcconfig; name = "Pods-IssuesReaderUITests.debug.xcconfig"; path = "Target Support Files/Pods-IssuesReaderUITests/Pods-IssuesReaderUITests.debug.xcconfig"; sourceTree = "<group>"; };
		64F3687457B9408CC0939D3B /* Pods-IssuesReaderTests.debug.xcconfig */ = {isa = PBXFileReference; includeInIndex = 1; lastKnownFileType = text.xcconfig; name = "Pods-IssuesReaderTests.debug.xcconfig"; path = "Target Support Files/Pods-IssuesReaderTests/Pods-IssuesReaderTests.debug.xcconfig"; sourceTree = "<group>"; };
		7017E5D8CE6D4319A4F78CB3 /* Pods_IssuesReader.framework */ = {isa = PBXFileReference; explicitFileType = wrapper.framework; includeInIndex = 0; path = Pods_IssuesReader.framework; sourceTree = BUILT_PRODUCTS_DIR; };
		732F5E69E955BE869881772D /* Pods-IssuesReader.debug.xcconfig */ = {isa = PBXFileReference; includeInIndex = 1; lastKnownFileType = text.xcconfig; name = "Pods-IssuesReader.debug.xcconfig"; path = "Target Support Files/Pods-IssuesReader/Pods-IssuesReader.debug.xcconfig"; sourceTree = "<group>"; };
		7F0E0B9FF08F9EF38B74EBC1 /* Pods_IssuesReaderUITests.framework */ = {isa = PBXFileReference; explicitFileType = wrapper.framework; includeInIndex = 0; path = Pods_IssuesReaderUITests.framework; sourceTree = BUILT_PRODUCTS_DIR; };
		CDED5D8F25D06EFA6E31B547 /* Pods-IssuesReaderUITests.release.xcconfig */ = {isa = PBXFileReference; includeInIndex = 1; lastKnownFileType = text.xcconfig; name = "Pods-IssuesReaderUITests.release.xcconfig"; path = "Target Support Files/Pods-IssuesReaderUITests/Pods-IssuesReaderUITests.release.xcconfig"; sourceTree = "<group>"; };
/* End PBXFileReference section */

/* Begin PBXFrameworksBuildPhase section */
		07345F5522EB214A0026D898 /* Frameworks */ = {
			isa = PBXFrameworksBuildPhase;
			buildActionMask = 2147483647;
			files = (
				93A2986B73C9A8B1002AD4AA /* Pods_IssuesReader.framework in Frameworks */,
			);
			runOnlyForDeploymentPostprocessing = 0;
		};
		07345F6922EB214C0026D898 /* Frameworks */ = {
			isa = PBXFrameworksBuildPhase;
			buildActionMask = 2147483647;
			files = (
				0DF91262006DEAF35FE657B7 /* Pods_IssuesReaderTests.framework in Frameworks */,
			);
			runOnlyForDeploymentPostprocessing = 0;
		};
		07345F7422EB214C0026D898 /* Frameworks */ = {
			isa = PBXFrameworksBuildPhase;
			buildActionMask = 2147483647;
			files = (
				2C0793385312B3DE8B8051B9 /* Pods_IssuesReaderUITests.framework in Frameworks */,
			);
			runOnlyForDeploymentPostprocessing = 0;
		};
/* End PBXFrameworksBuildPhase section */

/* Begin PBXGroup section */
		07345F4F22EB214A0026D898 = {
			isa = PBXGroup;
			children = (
				07345F5A22EB214A0026D898 /* IssuesReader */,
				07345F6F22EB214C0026D898 /* IssuesReaderTests */,
				07345F5922EB214A0026D898 /* Products */,
				65AF5BCCF40BA956455546B9 /* Pods */,
				8725E90E3EDC6E1D02D83D6A /* Frameworks */,
			);
			sourceTree = "<group>";
		};
		07345F5922EB214A0026D898 /* Products */ = {
			isa = PBXGroup;
			children = (
				07345F5822EB214A0026D898 /* IssuesReader.app */,
				07345F6C22EB214C0026D898 /* IssuesReaderTests.xctest */,
				07345F7722EB214C0026D898 /* IssuesReaderUITests.xctest */,
			);
			name = Products;
			sourceTree = "<group>";
		};
		07345F5A22EB214A0026D898 /* IssuesReader */ = {
			isa = PBXGroup;
			children = (
				07BFBD3422EEE63E0026106F /* ViewController */,
				07BFBD3322EEE6300026106F /* Presenter */,
				07BFBD3522EEE6460026106F /* Service */,
				0752A4AC22EF278900A7D5CD /* Parser */,
				07BFBD3922EEEE8D0026106F /* Models */,
				07BFBD3622EEE65F0026106F /* Resources */,
				0752A4A822EF218100A7D5CD /* Constants */,
				07345F5B22EB214A0026D898 /* AppDelegate.swift */,
				07345F5F22EB214A0026D898 /* Main.storyboard */,
				07345F6222EB214C0026D898 /* Assets.xcassets */,
				07345F6422EB214C0026D898 /* LaunchScreen.storyboard */,
				07345F6722EB214C0026D898 /* Info.plist */,
			);
			path = IssuesReader;
			sourceTree = "<group>";
		};
		07345F6F22EB214C0026D898 /* IssuesReaderTests */ = {
			isa = PBXGroup;
			children = (
				07345F7022EB214C0026D898 /* IssuesViewControllerTests.swift */,
				07BFBD4022EEF0CD0026106F /* IssuesViewPresenterTests.swift */,
				07345F7222EB214C0026D898 /* Info.plist */,
			);
			path = IssuesReaderTests;
			sourceTree = "<group>";
		};
		0752A4A822EF218100A7D5CD /* Constants */ = {
			isa = PBXGroup;
			children = (
				0752A4A922EF219000A7D5CD /* Constants.swift */,
			);
			path = Constants;
			sourceTree = "<group>";
		};
		0752A4AC22EF278900A7D5CD /* Parser */ = {
			isa = PBXGroup;
			children = (
				07BFBD4222EEF13F0026106F /* UserParser.swift */,
			);
			path = Parser;
			sourceTree = "<group>";
		};
		07BFBD3322EEE6300026106F /* Presenter */ = {
			isa = PBXGroup;
			children = (
				07BFBD3E22EEF09B0026106F /* UserViewPresenter.swift */,
			);
			path = Presenter;
			sourceTree = "<group>";
		};
		07BFBD3422EEE63E0026106F /* ViewController */ = {
			isa = PBXGroup;
			children = (
				07345F5D22EB214A0026D898 /* UserViewController.swift */,
			);
			path = ViewController;
			sourceTree = "<group>";
		};
		07BFBD3522EEE6460026106F /* Service */ = {
			isa = PBXGroup;
			children = (
				07BFBD4422EEF14B0026106F /* IssuesStorageService.swift */,
				07BFBD4622EEF1580026106F /* UserService.swift */,
			);
			path = Service;
			sourceTree = "<group>";
		};
		07BFBD3622EEE65F0026106F /* Resources */ = {
			isa = PBXGroup;
			children = (
				0752A4A622EF1E7200A7D5CD /* issues.csv */,
			);
			path = Resources;
			sourceTree = "<group>";
		};
		07BFBD3922EEEE8D0026106F /* Models */ = {
			isa = PBXGroup;
			children = (
				07BFBD3C22EEEEFE0026106F /* User.swift */,
				0752A4AD22EF3E7D00A7D5CD /* UserTableViewCell.swift */,
			);
			path = Models;
			sourceTree = "<group>";
		};
		65AF5BCCF40BA956455546B9 /* Pods */ = {
			isa = PBXGroup;
			children = (
				732F5E69E955BE869881772D /* Pods-IssuesReader.debug.xcconfig */,
				14EF8F6315EBCCE039BFA748 /* Pods-IssuesReader.release.xcconfig */,
				64F3687457B9408CC0939D3B /* Pods-IssuesReaderTests.debug.xcconfig */,
				12A8054F4D5EA0251C2E7D5A /* Pods-IssuesReaderTests.release.xcconfig */,
				4FB126913148738B888F54DF /* Pods-IssuesReaderUITests.debug.xcconfig */,
				CDED5D8F25D06EFA6E31B547 /* Pods-IssuesReaderUITests.release.xcconfig */,
			);
			path = Pods;
			sourceTree = "<group>";
		};
		8725E90E3EDC6E1D02D83D6A /* Frameworks */ = {
			isa = PBXGroup;
			children = (
				7017E5D8CE6D4319A4F78CB3 /* Pods_IssuesReader.framework */,
				0DDE6ED45A531267EB633EC8 /* Pods_IssuesReaderTests.framework */,
				7F0E0B9FF08F9EF38B74EBC1 /* Pods_IssuesReaderUITests.framework */,
			);
			name = Frameworks;
			sourceTree = "<group>";
		};
/* End PBXGroup section */

/* Begin PBXNativeTarget section */
		07345F5722EB214A0026D898 /* IssuesReader */ = {
			isa = PBXNativeTarget;
			buildConfigurationList = 07345F8022EB214C0026D898 /* Build configuration list for PBXNativeTarget "IssuesReader" */;
			buildPhases = (
				E7CE4972B2AE77FAE395D363 /* [CP] Check Pods Manifest.lock */,
				07345F5422EB214A0026D898 /* Sources */,
				07345F5522EB214A0026D898 /* Frameworks */,
				07345F5622EB214A0026D898 /* Resources */,
				1849312328C5298AB796D99B /* [CP] Embed Pods Frameworks */,
			);
			buildRules = (
			);
			dependencies = (
			);
			name = IssuesReader;
			productName = IssuesReader;
			productReference = 07345F5822EB214A0026D898 /* IssuesReader.app */;
			productType = "com.apple.product-type.application";
		};
		07345F6B22EB214C0026D898 /* IssuesReaderTests */ = {
			isa = PBXNativeTarget;
			buildConfigurationList = 07345F8322EB214C0026D898 /* Build configuration list for PBXNativeTarget "IssuesReaderTests" */;
			buildPhases = (
				264CFE565F3E1DD258E1D3CF /* [CP] Check Pods Manifest.lock */,
				07345F6822EB214C0026D898 /* Sources */,
				07345F6922EB214C0026D898 /* Frameworks */,
				07345F6A22EB214C0026D898 /* Resources */,
			);
			buildRules = (
			);
			dependencies = (
				07345F6E22EB214C0026D898 /* PBXTargetDependency */,
			);
			name = IssuesReaderTests;
			productName = IssuesReaderTests;
			productReference = 07345F6C22EB214C0026D898 /* IssuesReaderTests.xctest */;
			productType = "com.apple.product-type.bundle.unit-test";
		};
		07345F7622EB214C0026D898 /* IssuesReaderUITests */ = {
			isa = PBXNativeTarget;
			buildConfigurationList = 07345F8622EB214C0026D898 /* Build configuration list for PBXNativeTarget "IssuesReaderUITests" */;
			buildPhases = (
				D1D19D926635CFD636E566FF /* [CP] Check Pods Manifest.lock */,
				07345F7322EB214C0026D898 /* Sources */,
				07345F7422EB214C0026D898 /* Frameworks */,
				07345F7522EB214C0026D898 /* Resources */,
			);
			buildRules = (
			);
			dependencies = (
				07345F7922EB214C0026D898 /* PBXTargetDependency */,
			);
			name = IssuesReaderUITests;
			productName = IssuesReaderUITests;
			productReference = 07345F7722EB214C0026D898 /* IssuesReaderUITests.xctest */;
			productType = "com.apple.product-type.bundle.ui-testing";
		};
/* End PBXNativeTarget section */

/* Begin PBXProject section */
		07345F5022EB214A0026D898 /* Project object */ = {
			isa = PBXProject;
			attributes = {
				LastSwiftUpdateCheck = 1030;
				LastUpgradeCheck = 1030;
				ORGANIZATIONNAME = rabobank;
				TargetAttributes = {
					07345F5722EB214A0026D898 = {
						CreatedOnToolsVersion = 10.3;
					};
					07345F6B22EB214C0026D898 = {
						CreatedOnToolsVersion = 10.3;
						TestTargetID = 07345F5722EB214A0026D898;
					};
					07345F7622EB214C0026D898 = {
						CreatedOnToolsVersion = 10.3;
						TestTargetID = 07345F5722EB214A0026D898;
					};
				};
			};
			buildConfigurationList = 07345F5322EB214A0026D898 /* Build configuration list for PBXProject "IssuesReader" */;
			compatibilityVersion = "Xcode 9.3";
			developmentRegion = en;
			hasScannedForEncodings = 0;
			knownRegions = (
				en,
				Base,
			);
			mainGroup = 07345F4F22EB214A0026D898;
			productRefGroup = 07345F5922EB214A0026D898 /* Products */;
			projectDirPath = "";
			projectRoot = "";
			targets = (
				07345F5722EB214A0026D898 /* IssuesReader */,
				07345F6B22EB214C0026D898 /* IssuesReaderTests */,
				07345F7622EB214C0026D898 /* IssuesReaderUITests */,
			);
		};
/* End PBXProject section */

/* Begin PBXResourcesBuildPhase section */
		07345F5622EB214A0026D898 /* Resources */ = {
			isa = PBXResourcesBuildPhase;
			buildActionMask = 2147483647;
			files = (
				0752A4A722EF1E7200A7D5CD /* issues.csv in Resources */,
				07345F6622EB214C0026D898 /* LaunchScreen.storyboard in Resources */,
				07345F6322EB214C0026D898 /* Assets.xcassets in Resources */,
				07345F6122EB214A0026D898 /* Main.storyboard in Resources */,
			);
			runOnlyForDeploymentPostprocessing = 0;
		};
		07345F6A22EB214C0026D898 /* Resources */ = {
			isa = PBXResourcesBuildPhase;
			buildActionMask = 2147483647;
			files = (
			);
			runOnlyForDeploymentPostprocessing = 0;
		};
		07345F7522EB214C0026D898 /* Resources */ = {
			isa = PBXResourcesBuildPhase;
			buildActionMask = 2147483647;
			files = (
			);
			runOnlyForDeploymentPostprocessing = 0;
		};
/* End PBXResourcesBuildPhase section */

/* Begin PBXShellScriptBuildPhase section */
		1849312328C5298AB796D99B /* [CP] Embed Pods Frameworks */ = {
			isa = PBXShellScriptBuildPhase;
			buildActionMask = 2147483647;
			files = (
			);
			inputFileListPaths = (
			);
			inputPaths = (
				"${PODS_ROOT}/Target Support Files/Pods-IssuesReader/Pods-IssuesReader-frameworks.sh",
				"${BUILT_PRODUCTS_DIR}/SwiftCSV/SwiftCSV.framework",
			);
			name = "[CP] Embed Pods Frameworks";
			outputFileListPaths = (
			);
			outputPaths = (
				"${TARGET_BUILD_DIR}/${FRAMEWORKS_FOLDER_PATH}/SwiftCSV.framework",
			);
			runOnlyForDeploymentPostprocessing = 0;
			shellPath = /bin/sh;
			shellScript = "\"${PODS_ROOT}/Target Support Files/Pods-IssuesReader/Pods-IssuesReader-frameworks.sh\"\n";
			showEnvVarsInLog = 0;
		};
		264CFE565F3E1DD258E1D3CF /* [CP] Check Pods Manifest.lock */ = {
			isa = PBXShellScriptBuildPhase;
			buildActionMask = 2147483647;
			files = (
			);
			inputFileListPaths = (
			);
			inputPaths = (
				"${PODS_PODFILE_DIR_PATH}/Podfile.lock",
				"${PODS_ROOT}/Manifest.lock",
			);
			name = "[CP] Check Pods Manifest.lock";
			outputFileListPaths = (
			);
			outputPaths = (
				"$(DERIVED_FILE_DIR)/Pods-IssuesReaderTests-checkManifestLockResult.txt",
			);
			runOnlyForDeploymentPostprocessing = 0;
			shellPath = /bin/sh;
			shellScript = "diff \"${PODS_PODFILE_DIR_PATH}/Podfile.lock\" \"${PODS_ROOT}/Manifest.lock\" > /dev/null\nif [ $? != 0 ] ; then\n    # print error to STDERR\n    echo \"error: The sandbox is not in sync with the Podfile.lock. Run 'pod install' or update your CocoaPods installation.\" >&2\n    exit 1\nfi\n# This output is used by Xcode 'outputs' to avoid re-running this script phase.\necho \"SUCCESS\" > \"${SCRIPT_OUTPUT_FILE_0}\"\n";
			showEnvVarsInLog = 0;
		};
		D1D19D926635CFD636E566FF /* [CP] Check Pods Manifest.lock */ = {
			isa = PBXShellScriptBuildPhase;
			buildActionMask = 2147483647;
			files = (
			);
			inputFileListPaths = (
			);
			inputPaths = (
				"${PODS_PODFILE_DIR_PATH}/Podfile.lock",
				"${PODS_ROOT}/Manifest.lock",
			);
			name = "[CP] Check Pods Manifest.lock";
			outputFileListPaths = (
			);
			outputPaths = (
				"$(DERIVED_FILE_DIR)/Pods-IssuesReaderUITests-checkManifestLockResult.txt",
			);
			runOnlyForDeploymentPostprocessing = 0;
			shellPath = /bin/sh;
			shellScript = "diff \"${PODS_PODFILE_DIR_PATH}/Podfile.lock\" \"${PODS_ROOT}/Manifest.lock\" > /dev/null\nif [ $? != 0 ] ; then\n    # print error to STDERR\n    echo \"error: The sandbox is not in sync with the Podfile.lock. Run 'pod install' or update your CocoaPods installation.\" >&2\n    exit 1\nfi\n# This output is used by Xcode 'outputs' to avoid re-running this script phase.\necho \"SUCCESS\" > \"${SCRIPT_OUTPUT_FILE_0}\"\n";
			showEnvVarsInLog = 0;
		};
		E7CE4972B2AE77FAE395D363 /* [CP] Check Pods Manifest.lock */ = {
			isa = PBXShellScriptBuildPhase;
			buildActionMask = 2147483647;
			files = (
			);
			inputFileListPaths = (
			);
			inputPaths = (
				"${PODS_PODFILE_DIR_PATH}/Podfile.lock",
				"${PODS_ROOT}/Manifest.lock",
			);
			name = "[CP] Check Pods Manifest.lock";
			outputFileListPaths = (
			);
			outputPaths = (
				"$(DERIVED_FILE_DIR)/Pods-IssuesReader-checkManifestLockResult.txt",
			);
			runOnlyForDeploymentPostprocessing = 0;
			shellPath = /bin/sh;
			shellScript = "diff \"${PODS_PODFILE_DIR_PATH}/Podfile.lock\" \"${PODS_ROOT}/Manifest.lock\" > /dev/null\nif [ $? != 0 ] ; then\n    # print error to STDERR\n    echo \"error: The sandbox is not in sync with the Podfile.lock. Run 'pod install' or update your CocoaPods installation.\" >&2\n    exit 1\nfi\n# This output is used by Xcode 'outputs' to avoid re-running this script phase.\necho \"SUCCESS\" > \"${SCRIPT_OUTPUT_FILE_0}\"\n";
			showEnvVarsInLog = 0;
		};
/* End PBXShellScriptBuildPhase section */

/* Begin PBXSourcesBuildPhase section */
		07345F5422EB214A0026D898 /* Sources */ = {
			isa = PBXSourcesBuildPhase;
			buildActionMask = 2147483647;
			files = (
				07345F5E22EB214A0026D898 /* UserViewController.swift in Sources */,
				0752A4AE22EF3E7D00A7D5CD /* UserTableViewCell.swift in Sources */,
				07345F5C22EB214A0026D898 /* AppDelegate.swift in Sources */,
				07BFBD3D22EEEEFE0026106F /* User.swift in Sources */,
				07BFBD4322EEF13F0026106F /* UserParser.swift in Sources */,
				07BFBD4722EEF1580026106F /* UserService.swift in Sources */,
				07BFBD3F22EEF09B0026106F /* UserViewPresenter.swift in Sources */,
				07BFBD4522EEF14B0026106F /* IssuesStorageService.swift in Sources */,
				0752A4AA22EF219000A7D5CD /* Constants.swift in Sources */,
			);
			runOnlyForDeploymentPostprocessing = 0;
		};
		07345F6822EB214C0026D898 /* Sources */ = {
			isa = PBXSourcesBuildPhase;
			buildActionMask = 2147483647;
			files = (
				07345F7122EB214C0026D898 /* IssuesViewControllerTests.swift in Sources */,
				07BFBD4122EEF0CD0026106F /* IssuesViewPresenterTests.swift in Sources */,
			);
			runOnlyForDeploymentPostprocessing = 0;
		};
		07345F7322EB214C0026D898 /* Sources */ = {
			isa = PBXSourcesBuildPhase;
			buildActionMask = 2147483647;
			files = (
			);
			runOnlyForDeploymentPostprocessing = 0;
		};
/* End PBXSourcesBuildPhase section */

/* Begin PBXTargetDependency section */
		07345F6E22EB214C0026D898 /* PBXTargetDependency */ = {
			isa = PBXTargetDependency;
			target = 07345F5722EB214A0026D898 /* IssuesReader */;
			targetProxy = 07345F6D22EB214C0026D898 /* PBXContainerItemProxy */;
		};
		07345F7922EB214C0026D898 /* PBXTargetDependency */ = {
			isa = PBXTargetDependency;
			target = 07345F5722EB214A0026D898 /* IssuesReader */;
			targetProxy = 07345F7822EB214C0026D898 /* PBXContainerItemProxy */;
		};
/* End PBXTargetDependency section */

/* Begin PBXVariantGroup section */
		07345F5F22EB214A0026D898 /* Main.storyboard */ = {
			isa = PBXVariantGroup;
			children = (
				07345F6022EB214A0026D898 /* Base */,
			);
			name = Main.storyboard;
			sourceTree = "<group>";
		};
		07345F6422EB214C0026D898 /* LaunchScreen.storyboard */ = {
			isa = PBXVariantGroup;
			children = (
				07345F6522EB214C0026D898 /* Base */,
			);
			name = LaunchScreen.storyboard;
			sourceTree = "<group>";
		};
/* End PBXVariantGroup section */

/* Begin XCBuildConfiguration section */
		07345F7E22EB214C0026D898 /* Debug */ = {
			isa = XCBuildConfiguration;
			buildSettings = {
				ALWAYS_SEARCH_USER_PATHS = NO;
				CLANG_ANALYZER_NONNULL = YES;
				CLANG_ANALYZER_NUMBER_OBJECT_CONVERSION = YES_AGGRESSIVE;
				CLANG_CXX_LANGUAGE_STANDARD = "gnu++14";
				CLANG_CXX_LIBRARY = "libc++";
				CLANG_ENABLE_MODULES = YES;
				CLANG_ENABLE_OBJC_ARC = YES;
				CLANG_ENABLE_OBJC_WEAK = YES;
				CLANG_WARN_BLOCK_CAPTURE_AUTORELEASING = YES;
				CLANG_WARN_BOOL_CONVERSION = YES;
				CLANG_WARN_COMMA = YES;
				CLANG_WARN_CONSTANT_CONVERSION = YES;
				CLANG_WARN_DEPRECATED_OBJC_IMPLEMENTATIONS = YES;
				CLANG_WARN_DIRECT_OBJC_ISA_USAGE = YES_ERROR;
				CLANG_WARN_DOCUMENTATION_COMMENTS = YES;
				CLANG_WARN_EMPTY_BODY = YES;
				CLANG_WARN_ENUM_CONVERSION = YES;
				CLANG_WARN_INFINITE_RECURSION = YES;
				CLANG_WARN_INT_CONVERSION = YES;
				CLANG_WARN_NON_LITERAL_NULL_CONVERSION = YES;
				CLANG_WARN_OBJC_IMPLICIT_RETAIN_SELF = YES;
				CLANG_WARN_OBJC_LITERAL_CONVERSION = YES;
				CLANG_WARN_OBJC_ROOT_CLASS = YES_ERROR;
				CLANG_WARN_RANGE_LOOP_ANALYSIS = YES;
				CLANG_WARN_STRICT_PROTOTYPES = YES;
				CLANG_WARN_SUSPICIOUS_MOVE = YES;
				CLANG_WARN_UNGUARDED_AVAILABILITY = YES_AGGRESSIVE;
				CLANG_WARN_UNREACHABLE_CODE = YES;
				CLANG_WARN__DUPLICATE_METHOD_MATCH = YES;
				CODE_SIGN_IDENTITY = "iPhone Developer";
				COPY_PHASE_STRIP = NO;
				DEBUG_INFORMATION_FORMAT = dwarf;
				ENABLE_STRICT_OBJC_MSGSEND = YES;
				ENABLE_TESTABILITY = YES;
				GCC_C_LANGUAGE_STANDARD = gnu11;
				GCC_DYNAMIC_NO_PIC = NO;
				GCC_NO_COMMON_BLOCKS = YES;
				GCC_OPTIMIZATION_LEVEL = 0;
				GCC_PREPROCESSOR_DEFINITIONS = (
					"DEBUG=1",
					"$(inherited)",
				);
				GCC_WARN_64_TO_32_BIT_CONVERSION = YES;
				GCC_WARN_ABOUT_RETURN_TYPE = YES_ERROR;
				GCC_WARN_UNDECLARED_SELECTOR = YES;
				GCC_WARN_UNINITIALIZED_AUTOS = YES_AGGRESSIVE;
				GCC_WARN_UNUSED_FUNCTION = YES;
				GCC_WARN_UNUSED_VARIABLE = YES;
				IPHONEOS_DEPLOYMENT_TARGET = 12.4;
				MTL_ENABLE_DEBUG_INFO = INCLUDE_SOURCE;
				MTL_FAST_MATH = YES;
				ONLY_ACTIVE_ARCH = YES;
				SDKROOT = iphoneos;
				SWIFT_ACTIVE_COMPILATION_CONDITIONS = DEBUG;
				SWIFT_OPTIMIZATION_LEVEL = "-Onone";
			};
			name = Debug;
		};
		07345F7F22EB214C0026D898 /* Release */ = {
			isa = XCBuildConfiguration;
			buildSettings = {
				ALWAYS_SEARCH_USER_PATHS = NO;
				CLANG_ANALYZER_NONNULL = YES;
				CLANG_ANALYZER_NUMBER_OBJECT_CONVERSION = YES_AGGRESSIVE;
				CLANG_CXX_LANGUAGE_STANDARD = "gnu++14";
				CLANG_CXX_LIBRARY = "libc++";
				CLANG_ENABLE_MODULES = YES;
				CLANG_ENABLE_OBJC_ARC = YES;
				CLANG_ENABLE_OBJC_WEAK = YES;
				CLANG_WARN_BLOCK_CAPTURE_AUTORELEASING = YES;
				CLANG_WARN_BOOL_CONVERSION = YES;
				CLANG_WARN_COMMA = YES;
				CLANG_WARN_CONSTANT_CONVERSION = YES;
				CLANG_WARN_DEPRECATED_OBJC_IMPLEMENTATIONS = YES;
				CLANG_WARN_DIRECT_OBJC_ISA_USAGE = YES_ERROR;
				CLANG_WARN_DOCUMENTATION_COMMENTS = YES;
				CLANG_WARN_EMPTY_BODY = YES;
				CLANG_WARN_ENUM_CONVERSION = YES;
				CLANG_WARN_INFINITE_RECURSION = YES;
				CLANG_WARN_INT_CONVERSION = YES;
				CLANG_WARN_NON_LITERAL_NULL_CONVERSION = YES;
				CLANG_WARN_OBJC_IMPLICIT_RETAIN_SELF = YES;
				CLANG_WARN_OBJC_LITERAL_CONVERSION = YES;
				CLANG_WARN_OBJC_ROOT_CLASS = YES_ERROR;
				CLANG_WARN_RANGE_LOOP_ANALYSIS = YES;
				CLANG_WARN_STRICT_PROTOTYPES = YES;
				CLANG_WARN_SUSPICIOUS_MOVE = YES;
				CLANG_WARN_UNGUARDED_AVAILABILITY = YES_AGGRESSIVE;
				CLANG_WARN_UNREACHABLE_CODE = YES;
				CLANG_WARN__DUPLICATE_METHOD_MATCH = YES;
				CODE_SIGN_IDENTITY = "iPhone Developer";
				COPY_PHASE_STRIP = NO;
				DEBUG_INFORMATION_FORMAT = "dwarf-with-dsym";
				ENABLE_NS_ASSERTIONS = NO;
				ENABLE_STRICT_OBJC_MSGSEND = YES;
				GCC_C_LANGUAGE_STANDARD = gnu11;
				GCC_NO_COMMON_BLOCKS = YES;
				GCC_WARN_64_TO_32_BIT_CONVERSION = YES;
				GCC_WARN_ABOUT_RETURN_TYPE = YES_ERROR;
				GCC_WARN_UNDECLARED_SELECTOR = YES;
				GCC_WARN_UNINITIALIZED_AUTOS = YES_AGGRESSIVE;
				GCC_WARN_UNUSED_FUNCTION = YES;
				GCC_WARN_UNUSED_VARIABLE = YES;
				IPHONEOS_DEPLOYMENT_TARGET = 12.4;
				MTL_ENABLE_DEBUG_INFO = NO;
				MTL_FAST_MATH = YES;
				SDKROOT = iphoneos;
				SWIFT_COMPILATION_MODE = wholemodule;
				SWIFT_OPTIMIZATION_LEVEL = "-O";
				VALIDATE_PRODUCT = YES;
			};
			name = Release;
		};
		07345F8122EB214C0026D898 /* Debug */ = {
			isa = XCBuildConfiguration;
			baseConfigurationReference = 732F5E69E955BE869881772D /* Pods-IssuesReader.debug.xcconfig */;
			buildSettings = {
				ASSETCATALOG_COMPILER_APPICON_NAME = AppIcon;
				CODE_SIGN_STYLE = Automatic;
				DEVELOPMENT_TEAM = 6883KSJ62E;
				INFOPLIST_FILE = IssuesReader/Info.plist;
				IPHONEOS_DEPLOYMENT_TARGET = 12.4;
				LD_RUNPATH_SEARCH_PATHS = (
					"$(inherited)",
					"@executable_path/Frameworks",
				);
				PRODUCT_BUNDLE_IDENTIFIER = nl.rabobank.IssuesReader;
				PRODUCT_NAME = "$(TARGET_NAME)";
				SWIFT_VERSION = 5.0;
				TARGETED_DEVICE_FAMILY = "1,2";
			};
			name = Debug;
		};
		07345F8222EB214C0026D898 /* Release */ = {
			isa = XCBuildConfiguration;
			baseConfigurationReference = 14EF8F6315EBCCE039BFA748 /* Pods-IssuesReader.release.xcconfig */;
			buildSettings = {
				ASSETCATALOG_COMPILER_APPICON_NAME = AppIcon;
				CODE_SIGN_STYLE = Automatic;
				DEVELOPMENT_TEAM = 6883KSJ62E;
				INFOPLIST_FILE = IssuesReader/Info.plist;
				IPHONEOS_DEPLOYMENT_TARGET = 12.4;
				LD_RUNPATH_SEARCH_PATHS = (
					"$(inherited)",
					"@executable_path/Frameworks",
				);
				PRODUCT_BUNDLE_IDENTIFIER = nl.rabobank.IssuesReader;
				PRODUCT_NAME = "$(TARGET_NAME)";
				SWIFT_VERSION = 5.0;
				TARGETED_DEVICE_FAMILY = "1,2";
			};
			name = Release;
		};
		07345F8422EB214C0026D898 /* Debug */ = {
			isa = XCBuildConfiguration;
			baseConfigurationReference = 64F3687457B9408CC0939D3B /* Pods-IssuesReaderTests.debug.xcconfig */;
			buildSettings = {
				ALWAYS_EMBED_SWIFT_STANDARD_LIBRARIES = YES;
				BUNDLE_LOADER = "$(TEST_HOST)";
				CODE_SIGN_STYLE = Automatic;
				DEVELOPMENT_TEAM = 6883KSJ62E;
				INFOPLIST_FILE = IssuesReaderTests/Info.plist;
				LD_RUNPATH_SEARCH_PATHS = (
					"$(inherited)",
					"@executable_path/Frameworks",
					"@loader_path/Frameworks",
				);
				PRODUCT_BUNDLE_IDENTIFIER = nl.rabobank.IssuesReaderTests;
				PRODUCT_NAME = "$(TARGET_NAME)";
				SWIFT_VERSION = 5.0;
				TARGETED_DEVICE_FAMILY = "1,2";
				TEST_HOST = "$(BUILT_PRODUCTS_DIR)/IssuesReader.app/IssuesReader";
			};
			name = Debug;
		};
		07345F8522EB214C0026D898 /* Release */ = {
			isa = XCBuildConfiguration;
			baseConfigurationReference = 12A8054F4D5EA0251C2E7D5A /* Pods-IssuesReaderTests.release.xcconfig */;
			buildSettings = {
				ALWAYS_EMBED_SWIFT_STANDARD_LIBRARIES = YES;
				BUNDLE_LOADER = "$(TEST_HOST)";
				CODE_SIGN_STYLE = Automatic;
				DEVELOPMENT_TEAM = 6883KSJ62E;
				INFOPLIST_FILE = IssuesReaderTests/Info.plist;
				LD_RUNPATH_SEARCH_PATHS = (
					"$(inherited)",
					"@executable_path/Frameworks",
					"@loader_path/Frameworks",
				);
				PRODUCT_BUNDLE_IDENTIFIER = nl.rabobank.IssuesReaderTests;
				PRODUCT_NAME = "$(TARGET_NAME)";
				SWIFT_VERSION = 5.0;
				TARGETED_DEVICE_FAMILY = "1,2";
				TEST_HOST = "$(BUILT_PRODUCTS_DIR)/IssuesReader.app/IssuesReader";
			};
			name = Release;
		};
		07345F8722EB214C0026D898 /* Debug */ = {
			isa = XCBuildConfiguration;
			baseConfigurationReference = 4FB126913148738B888F54DF /* Pods-IssuesReaderUITests.debug.xcconfig */;
			buildSettings = {
				ALWAYS_EMBED_SWIFT_STANDARD_LIBRARIES = YES;
				CODE_SIGN_STYLE = Automatic;
				DEVELOPMENT_TEAM = 6883KSJ62E;
				INFOPLIST_FILE = IssuesReaderUITests/Info.plist;
				LD_RUNPATH_SEARCH_PATHS = (
					"$(inherited)",
					"@executable_path/Frameworks",
					"@loader_path/Frameworks",
				);
				PRODUCT_BUNDLE_IDENTIFIER = nl.rabobank.IssuesReaderUITests;
				PRODUCT_NAME = "$(TARGET_NAME)";
				SWIFT_VERSION = 5.0;
				TARGETED_DEVICE_FAMILY = "1,2";
				TEST_TARGET_NAME = IssuesReader;
			};
			name = Debug;
		};
		07345F8822EB214C0026D898 /* Release */ = {
			isa = XCBuildConfiguration;
			baseConfigurationReference = CDED5D8F25D06EFA6E31B547 /* Pods-IssuesReaderUITests.release.xcconfig */;
			buildSettings = {
				ALWAYS_EMBED_SWIFT_STANDARD_LIBRARIES = YES;
				CODE_SIGN_STYLE = Automatic;
				DEVELOPMENT_TEAM = 6883KSJ62E;
				INFOPLIST_FILE = IssuesReaderUITests/Info.plist;
				LD_RUNPATH_SEARCH_PATHS = (
					"$(inherited)",
					"@executable_path/Frameworks",
					"@loader_path/Frameworks",
				);
				PRODUCT_BUNDLE_IDENTIFIER = nl.rabobank.IssuesReaderUITests;
				PRODUCT_NAME = "$(TARGET_NAME)";
				SWIFT_VERSION = 5.0;
				TARGETED_DEVICE_FAMILY = "1,2";
				TEST_TARGET_NAME = IssuesReader;
			};
			name = Release;
		};
/* End XCBuildConfiguration section */

/* Begin XCConfigurationList section */
		07345F5322EB214A0026D898 /* Build configuration list for PBXProject "IssuesReader" */ = {
			isa = XCConfigurationList;
			buildConfigurations = (
				07345F7E22EB214C0026D898 /* Debug */,
				07345F7F22EB214C0026D898 /* Release */,
			);
			defaultConfigurationIsVisible = 0;
			defaultConfigurationName = Release;
		};
		07345F8022EB214C0026D898 /* Build configuration list for PBXNativeTarget "IssuesReader" */ = {
			isa = XCConfigurationList;
			buildConfigurations = (
				07345F8122EB214C0026D898 /* Debug */,
				07345F8222EB214C0026D898 /* Release */,
			);
			defaultConfigurationIsVisible = 0;
			defaultConfigurationName = Release;
		};
		07345F8322EB214C0026D898 /* Build configuration list for PBXNativeTarget "IssuesReaderTests" */ = {
			isa = XCConfigurationList;
			buildConfigurations = (
				07345F8422EB214C0026D898 /* Debug */,
				07345F8522EB214C0026D898 /* Release */,
			);
			defaultConfigurationIsVisible = 0;
			defaultConfigurationName = Release;
		};
		07345F8622EB214C0026D898 /* Build configuration list for PBXNativeTarget "IssuesReaderUITests" */ = {
			isa = XCConfigurationList;
			buildConfigurations = (
				07345F8722EB214C0026D898 /* Debug */,
				07345F8822EB214C0026D898 /* Release */,
			);
			defaultConfigurationIsVisible = 0;
			defaultConfigurationName = Release;
		};
/* End XCConfigurationList section */
	};
	rootObject = 07345F5022EB214A0026D898 /* Project object */;
}
